
Microsoft Visual Studio Solution File, Format Version 12.00
# Visual Studio Version 17
VisualStudioVersion = 17.12.35707.178 d17.12
MinimumVisualStudioVersion = 10.0.40219.1
Project("{FAE04EC0-301F-11D3-BF4B-00C04F79EFBC}") = "Boss, Ya C#", "Boss, Ya C#\Boss, Ya C#.csproj", "{A984B747-3906-4BEB-9314-4B39115DB87D}"
EndProject
Global
	GlobalSection(SolutionConfigurationPlatforms) = preSolution
		Debug|Any CPU = Debug|Any CPU
		Release|Any CPU = Release|Any CPU
	EndGlobalSection
	GlobalSection(ProjectConfigurationPlatforms) = postSolution
		{A984B747-3906-4BEB-9314-4B39115DB87D}.Debug|Any CPU.ActiveCfg = Debug|Any CPU
		{A984B747-3906-4BEB-9314-4B39115DB87D}.Debug|Any CPU.Build.0 = Debug|Any CPU
		{A984B747-3906-4BEB-9314-4B39115DB87D}.Release|Any CPU.ActiveCfg = Release|Any CPU
		{A984B747-3906-4BEB-9314-4B39115DB87D}.Release|Any CPU.Build.0 = Release|Any CPU
	EndGlobalSection
	GlobalSection(SolutionProperties) = preSolution
		HideSolutionNode = FALSE
	EndGlobalSection
EndGlobal
